// !$*UTF8*$!
{
	archiveVersion = 1;
	classes = {
	};
	objectVersion = 46;
	objects = {

/* Begin PBXBuildFile section */
		1147D3741DD542F4003B840B /* AppDelegate.m in Sources */ = {isa = PBXBuildFile; fileRef = 1147D3731DD542F4003B840B /* AppDelegate.m */; };
		1147D3771DD542F4003B840B /* main.m in Sources */ = {isa = PBXBuildFile; fileRef = 1147D3761DD542F4003B840B /* main.m */; };
		1147D3791DD542F4003B840B /* Assets.xcassets in Resources */ = {isa = PBXBuildFile; fileRef = 1147D3781DD542F4003B840B /* Assets.xcassets */; };
		1147D3841DD5432F003B840B /* BrowserWindow.xib in Resources */ = {isa = PBXBuildFile; fileRef = 1147D3831DD5432F003B840B /* BrowserWindow.xib */; };
		1147D3871DD5434B003B840B /* AAPLBrowserWindowController.m in Sources */ = {isa = PBXBuildFile; fileRef = 1147D3861DD5434B003B840B /* AAPLBrowserWindowController.m */; };
		1147D38C1DD547BA003B840B /* AAPLSlide.m in Sources */ = {isa = PBXBuildFile; fileRef = 1147D38B1DD547BA003B840B /* AAPLSlide.m */; };
		1147D38F1DD54D9B003B840B /* AAPLImageCollection.m in Sources */ = {isa = PBXBuildFile; fileRef = 1147D38E1DD54D9B003B840B /* AAPLImageCollection.m */; };
		1147D3961DD558FE003B840B /* AAPLImageFile.m in Sources */ = {isa = PBXBuildFile; fileRef = 1147D3951DD558FE003B840B /* AAPLImageFile.m */; };
		1147D3991DD55C12003B840B /* MainMenu.xib in Resources */ = {isa = PBXBuildFile; fileRef = 1147D3981DD55C12003B840B /* MainMenu.xib */; };
		1147D39B1DD5614A003B840B /* Slide.xib in Resources */ = {isa = PBXBuildFile; fileRef = 1147D39A1DD56149003B840B /* Slide.xib */; };
		1147D39E1DD563AA003B840B /* AAPLSlideTableBackgroundView.m in Sources */ = {isa = PBXBuildFile; fileRef = 1147D39D1DD563AA003B840B /* AAPLSlideTableBackgroundView.m */; };
		1147D3A31DD67F5B003B840B /* IVCollectionViewFlowLayout.m in Sources */ = {isa = PBXBuildFile; fileRef = 1147D3A21DD67F5B003B840B /* IVCollectionViewFlowLayout.m */; };
/* End PBXBuildFile section */

/* Begin PBXFileReference section */
		1147D36F1DD542F4003B840B /* Image Viewer.app */ = {isa = PBXFileReference; explicitFileType = wrapper.application; includeInIndex = 0; path = "Image Viewer.app"; sourceTree = BUILT_PRODUCTS_DIR; };
		1147D3721DD542F4003B840B /* AppDelegate.h */ = {isa = PBXFileReference; lastKnownFileType = sourcecode.c.h; path = AppDelegate.h; sourceTree = "<group>"; };
		1147D3731DD542F4003B840B /* AppDelegate.m */ = {isa = PBXFileReference; lastKnownFileType = sourcecode.c.objc; path = AppDelegate.m; sourceTree = "<group>"; };
		1147D3761DD542F4003B840B /* main.m */ = {isa = PBXFileReference; lastKnownFileType = sourcecode.c.objc; path = main.m; sourceTree = "<group>"; };
		1147D3781DD542F4003B840B /* Assets.xcassets */ = {isa = PBXFileReference; lastKnownFileType = folder.assetcatalog; path = Assets.xcassets; sourceTree = "<group>"; };
		1147D37D1DD542F4003B840B /* Info.plist */ = {isa = PBXFileReference; lastKnownFileType = text.plist.xml; path = Info.plist; sourceTree = "<group>"; };
		1147D3831DD5432F003B840B /* BrowserWindow.xib */ = {isa = PBXFileReference; fileEncoding = 4; lastKnownFileType = file.xib; path = BrowserWindow.xib; sourceTree = "<group>"; };
		1147D3851DD5434B003B840B /* AAPLBrowserWindowController.h */ = {isa = PBXFileReference; fileEncoding = 4; lastKnownFileType = sourcecode.c.h; path = AAPLBrowserWindowController.h; sourceTree = "<group>"; };
		1147D3861DD5434B003B840B /* AAPLBrowserWindowController.m */ = {isa = PBXFileReference; fileEncoding = 4; lastKnownFileType = sourcecode.c.objc; path = AAPLBrowserWindowController.m; sourceTree = "<group>"; };
		1147D38A1DD547BA003B840B /* AAPLSlide.h */ = {isa = PBXFileReference; fileEncoding = 4; lastKnownFileType = sourcecode.c.h; path = AAPLSlide.h; sourceTree = "<group>"; };
		1147D38B1DD547BA003B840B /* AAPLSlide.m */ = {isa = PBXFileReference; fileEncoding = 4; lastKnownFileType = sourcecode.c.objc; path = AAPLSlide.m; sourceTree = "<group>"; };
		1147D38D1DD54D9B003B840B /* AAPLImageCollection.h */ = {isa = PBXFileReference; fileEncoding = 4; lastKnownFileType = sourcecode.c.h; path = AAPLImageCollection.h; sourceTree = "<group>"; };
		1147D38E1DD54D9B003B840B /* AAPLImageCollection.m */ = {isa = PBXFileReference; fileEncoding = 4; lastKnownFileType = sourcecode.c.objc; path = AAPLImageCollection.m; sourceTree = "<group>"; };
		1147D3941DD558FE003B840B /* AAPLImageFile.h */ = {isa = PBXFileReference; fileEncoding = 4; lastKnownFileType = sourcecode.c.h; path = AAPLImageFile.h; sourceTree = "<group>"; };
		1147D3951DD558FE003B840B /* AAPLImageFile.m */ = {isa = PBXFileReference; fileEncoding = 4; lastKnownFileType = sourcecode.c.objc; path = AAPLImageFile.m; sourceTree = "<group>"; };
		1147D3971DD55C12003B840B /* English */ = {isa = PBXFileReference; lastKnownFileType = file.xib; name = English; path = English.lproj/MainMenu.xib; sourceTree = "<group>"; };
		1147D39A1DD56149003B840B /* Slide.xib */ = {isa = PBXFileReference; fileEncoding = 4; lastKnownFileType = file.xib; path = Slide.xib; sourceTree = "<group>"; };
		1147D39C1DD563AA003B840B /* AAPLSlideTableBackgroundView.h */ = {isa = PBXFileReference; fileEncoding = 4; lastKnownFileType = sourcecode.c.h; path = AAPLSlideTableBackgroundView.h; sourceTree = "<group>"; };
		1147D39D1DD563AA003B840B /* AAPLSlideTableBackgroundView.m */ = {isa = PBXFileReference; fileEncoding = 4; lastKnownFileType = sourcecode.c.objc; path = AAPLSlideTableBackgroundView.m; sourceTree = "<group>"; };
		1147D3A11DD67F5B003B840B /* IVCollectionViewFlowLayout.h */ = {isa = PBXFileReference; fileEncoding = 4; lastKnownFileType = sourcecode.c.h; path = IVCollectionViewFlowLayout.h; sourceTree = "<group>"; };
		1147D3A21DD67F5B003B840B /* IVCollectionViewFlowLayout.m */ = {isa = PBXFileReference; fileEncoding = 4; lastKnownFileType = sourcecode.c.objc; path = IVCollectionViewFlowLayout.m; sourceTree = "<group>"; };
/* End PBXFileReference section */

/* Begin PBXFrameworksBuildPhase section */
		1147D36C1DD542F4003B840B /* Frameworks */ = {
			isa = PBXFrameworksBuildPhase;
			buildActionMask = 2147483647;
			files = (
			);
			runOnlyForDeploymentPostprocessing = 0;
		};
/* End PBXFrameworksBuildPhase section */

/* Begin PBXGroup section */
		1147D3661DD542F4003B840B = {
			isa = PBXGroup;
			children = (
				1147D3711DD542F4003B840B /* Image Viewer */,
				1147D3701DD542F4003B840B /* Products */,
			);
			sourceTree = "<group>";
		};
		1147D3701DD542F4003B840B /* Products */ = {
			isa = PBXGroup;
			children = (
				1147D36F1DD542F4003B840B /* Image Viewer.app */,
			);
			name = Products;
			sourceTree = "<group>";
		};
		1147D3711DD542F4003B840B /* Image Viewer */ = {
			isa = PBXGroup;
			children = (
				1147D39C1DD563AA003B840B /* AAPLSlideTableBackgroundView.h */,
				1147D39D1DD563AA003B840B /* AAPLSlideTableBackgroundView.m */,
				1147D3851DD5434B003B840B /* AAPLBrowserWindowController.h */,
				1147D3861DD5434B003B840B /* AAPLBrowserWindowController.m */,
				1147D38A1DD547BA003B840B /* AAPLSlide.h */,
				1147D38B1DD547BA003B840B /* AAPLSlide.m */,
				1147D3721DD542F4003B840B /* AppDelegate.h */,
				1147D3731DD542F4003B840B /* AppDelegate.m */,
				1147D38D1DD54D9B003B840B /* AAPLImageCollection.h */,
				1147D38E1DD54D9B003B840B /* AAPLImageCollection.m */,
				1147D3941DD558FE003B840B /* AAPLImageFile.h */,
				1147D3951DD558FE003B840B /* AAPLImageFile.m */,
				1147D3781DD542F4003B840B /* Assets.xcassets */,
				1147D3831DD5432F003B840B /* BrowserWindow.xib */,
				1147D3981DD55C12003B840B /* MainMenu.xib */,
				1147D39A1DD56149003B840B /* Slide.xib */,
				1147D37D1DD542F4003B840B /* Info.plist */,
				1147D3751DD542F4003B840B /* Supporting Files */,
				1147D3A11DD67F5B003B840B /* IVCollectionViewFlowLayout.h */,
				1147D3A21DD67F5B003B840B /* IVCollectionViewFlowLayout.m */,
			);
			path = "Image Viewer";
			sourceTree = "<group>";
		};
		1147D3751DD542F4003B840B /* Supporting Files */ = {
			isa = PBXGroup;
			children = (
				1147D3761DD542F4003B840B /* main.m */,
			);
			name = "Supporting Files";
			sourceTree = "<group>";
		};
/* End PBXGroup section */

/* Begin PBXNativeTarget section */
		1147D36E1DD542F4003B840B /* Image Viewer */ = {
			isa = PBXNativeTarget;
			buildConfigurationList = 1147D3801DD542F4003B840B /* Build configuration list for PBXNativeTarget "Image Viewer" */;
			buildPhases = (
				1147D36B1DD542F4003B840B /* Sources */,
				1147D36C1DD542F4003B840B /* Frameworks */,
				1147D36D1DD542F4003B840B /* Resources */,
			);
			buildRules = (
			);
			dependencies = (
			);
			name = "Image Viewer";
			productName = "Image Viewer";
			productReference = 1147D36F1DD542F4003B840B /* Image Viewer.app */;
			productType = "com.apple.product-type.application";
		};
/* End PBXNativeTarget section */

/* Begin PBXProject section */
		1147D3671DD542F4003B840B /* Project object */ = {
			isa = PBXProject;
			attributes = {
				LastUpgradeCheck = 0800;
				ORGANIZATIONNAME = Home;
				TargetAttributes = {
					1147D36E1DD542F4003B840B = {
						CreatedOnToolsVersion = 8.0;
						DevelopmentTeam = 5ZFH6ZJS9N;
						ProvisioningStyle = Automatic;
					};
				};
			};
			buildConfigurationList = 1147D36A1DD542F4003B840B /* Build configuration list for PBXProject "Image Viewer" */;
			compatibilityVersion = "Xcode 3.2";
			developmentRegion = English;
			hasScannedForEncodings = 0;
			knownRegions = (
				en,
				Base,
			);
			mainGroup = 1147D3661DD542F4003B840B;
			productRefGroup = 1147D3701DD542F4003B840B /* Products */;
			projectDirPath = "";
			projectRoot = "";
			targets = (
				1147D36E1DD542F4003B840B /* Image Viewer */,
			);
		};
/* End PBXProject section */

/* Begin PBXResourcesBuildPhase section */
		1147D36D1DD542F4003B840B /* Resources */ = {
			isa = PBXResourcesBuildPhase;
			buildActionMask = 2147483647;
			files = (
				1147D39B1DD5614A003B840B /* Slide.xib in Resources */,
				1147D3991DD55C12003B840B /* MainMenu.xib in Resources */,
				1147D3841DD5432F003B840B /* BrowserWindow.xib in Resources */,
				1147D3791DD542F4003B840B /* Assets.xcassets in Resources */,
			);
			runOnlyForDeploymentPostprocessing = 0;
		};
/* End PBXResourcesBuildPhase section */

/* Begin PBXSourcesBuildPhase section */
		1147D36B1DD542F4003B840B /* Sources */ = {
			isa = PBXSourcesBuildPhase;
			buildActionMask = 2147483647;
			files = (
				1147D3771DD542F4003B840B /* main.m in Sources */,
				1147D38C1DD547BA003B840B /* AAPLSlide.m in Sources */,
				1147D38F1DD54D9B003B840B /* AAPLImageCollection.m in Sources */,
				1147D3A31DD67F5B003B840B /* IVCollectionViewFlowLayout.m in Sources */,
				1147D3871DD5434B003B840B /* AAPLBrowserWindowController.m in Sources */,
				1147D39E1DD563AA003B840B /* AAPLSlideTableBackgroundView.m in Sources */,
				1147D3741DD542F4003B840B /* AppDelegate.m in Sources */,
				1147D3961DD558FE003B840B /* AAPLImageFile.m in Sources */,
			);
			runOnlyForDeploymentPostprocessing = 0;
		};
/* End PBXSourcesBuildPhase section */

/* Begin PBXVariantGroup section */
		1147D3981DD55C12003B840B /* MainMenu.xib */ = {
			isa = PBXVariantGroup;
			children = (
				1147D3971DD55C12003B840B /* English */,
			);
			name = MainMenu.xib;
			path = /Users/Alexander/Downloads/CocoaSlideCollectionUsingNSCollectionViewonOSX10.11/CocoaSlideCollection/English.lproj/..;
			sourceTree = "<absolute>";
		};
/* End PBXVariantGroup section */

/* Begin XCBuildConfiguration section */
		1147D37E1DD542F4003B840B /* Debug */ = {
			isa = XCBuildConfiguration;
			buildSettings = {
				ALWAYS_SEARCH_USER_PATHS = NO;
				CLANG_ANALYZER_NONNULL = YES;
				CLANG_CXX_LANGUAGE_STANDARD = "gnu++0x";
				CLANG_CXX_LIBRARY = "libc++";
				CLANG_ENABLE_MODULES = YES;
				CLANG_ENABLE_OBJC_ARC = YES;
				CLANG_WARN_BOOL_CONVERSION = YES;
				CLANG_WARN_CONSTANT_CONVERSION = YES;
				CLANG_WARN_DIRECT_OBJC_ISA_USAGE = YES_ERROR;
				CLANG_WARN_DOCUMENTATION_COMMENTS = YES;
				CLANG_WARN_EMPTY_BODY = YES;
				CLANG_WARN_ENUM_CONVERSION = YES;
				CLANG_WARN_INFINITE_RECURSION = YES;
				CLANG_WARN_INT_CONVERSION = YES;
				CLANG_WARN_OBJC_ROOT_CLASS = YES_ERROR;
				CLANG_WARN_SUSPICIOUS_MOVES = YES;
				CLANG_WARN_UNREACHABLE_CODE = YES;
				CLANG_WARN__DUPLICATE_METHOD_MATCH = YES;
				CODE_SIGN_IDENTITY = "-";
				COPY_PHASE_STRIP = NO;
				DEBUG_INFORMATION_FORMAT = dwarf;
				ENABLE_STRICT_OBJC_MSGSEND = YES;
				ENABLE_TESTABILITY = YES;
				GCC_C_LANGUAGE_STANDARD = gnu99;
				GCC_DYNAMIC_NO_PIC = NO;
				GCC_NO_COMMON_BLOCKS = YES;
				GCC_OPTIMIZATION_LEVEL = 0;
				GCC_PREPROCESSOR_DEFINITIONS = (
					"DEBUG=1",
					"$(inherited)",
				);
				GCC_WARN_64_TO_32_BIT_CONVERSION = YES;
				GCC_WARN_ABOUT_RETURN_TYPE = YES_ERROR;
				GCC_WARN_UNDECLARED_SELECTOR = YES;
				GCC_WARN_UNINITIALIZED_AUTOS = YES_AGGRESSIVE;
				GCC_WARN_UNUSED_FUNCTION = YES;
				GCC_WARN_UNUSED_VARIABLE = YES;
				MACOSX_DEPLOYMENT_TARGET = 10.12;
				MTL_ENABLE_DEBUG_INFO = YES;
				ONLY_ACTIVE_ARCH = YES;
				SDKROOT = macosx;
			};
			name = Debug;
		};
		1147D37F1DD542F4003B840B /* Release */ = {
			isa = XCBuildConfiguration;
			buildSettings = {
				ALWAYS_SEARCH_USER_PATHS = NO;
				CLANG_ANALYZER_NONNULL = YES;
				CLANG_CXX_LANGUAGE_STANDARD = "gnu++0x";
				CLANG_CXX_LIBRARY = "libc++";
				CLANG_ENABLE_MODULES = YES;
				CLANG_ENABLE_OBJC_ARC = YES;
				CLANG_WARN_BOOL_CONVERSION = YES;
				CLANG_WARN_CONSTANT_CONVERSION = YES;
				CLANG_WARN_DIRECT_OBJC_ISA_USAGE = YES_ERROR;
				CLANG_WARN_DOCUMENTATION_COMMENTS = YES;
				CLANG_WARN_EMPTY_BODY = YES;
				CLANG_WARN_ENUM_CONVERSION = YES;
				CLANG_WARN_INFINITE_RECURSION = YES;
				CLANG_WARN_INT_CONVERSION = YES;
				CLANG_WARN_OBJC_ROOT_CLASS = YES_ERROR;
				CLANG_WARN_SUSPICIOUS_MOVES = YES;
				CLANG_WARN_UNREACHABLE_CODE = YES;
				CLANG_WARN__DUPLICATE_METHOD_MATCH = YES;
				CODE_SIGN_IDENTITY = "-";
				COPY_PHASE_STRIP = NO;
				DEBUG_INFORMATION_FORMAT = "dwarf-with-dsym";
				ENABLE_NS_ASSERTIONS = NO;
				ENABLE_STRICT_OBJC_MSGSEND = YES;
				GCC_C_LANGUAGE_STANDARD = gnu99;
				GCC_NO_COMMON_BLOCKS = YES;
				GCC_WARN_64_TO_32_BIT_CONVERSION = YES;
				GCC_WARN_ABOUT_RETURN_TYPE = YES_ERROR;
				GCC_WARN_UNDECLARED_SELECTOR = YES;
				GCC_WARN_UNINITIALIZED_AUTOS = YES_AGGRESSIVE;
				GCC_WARN_UNUSED_FUNCTION = YES;
				GCC_WARN_UNUSED_VARIABLE = YES;
				MACOSX_DEPLOYMENT_TARGET = 10.12;
				MTL_ENABLE_DEBUG_INFO = NO;
				SDKROOT = macosx;
			};
			name = Release;
		};
		1147D3811DD542F4003B840B /* Debug */ = {
			isa = XCBuildConfiguration;
			buildSettings = {
				ASSETCATALOG_COMPILER_APPICON_NAME = AppIcon;
				COMBINE_HIDPI_IMAGES = YES;
				DEVELOPMENT_TEAM = 5ZFH6ZJS9N;
				INFOPLIST_FILE = "Image Viewer/Info.plist";
				LD_RUNPATH_SEARCH_PATHS = "$(inherited) @executable_path/../Frameworks";
				PRODUCT_BUNDLE_IDENTIFIER = "com.exs.application.Image-Viewer";
				PRODUCT_NAME = "$(TARGET_NAME)";
			};
			name = Debug;
		};
		1147D3821DD542F4003B840B /* Release */ = {
			isa = XCBuildConfiguration;
			buildSettings = {
				ASSETCATALOG_COMPILER_APPICON_NAME = AppIcon;
				COMBINE_HIDPI_IMAGES = YES;
				DEVELOPMENT_TEAM = 5ZFH6ZJS9N;
				INFOPLIST_FILE = "Image Viewer/Info.plist";
				LD_RUNPATH_SEARCH_PATHS = "$(inherited) @executable_path/../Frameworks";
				PRODUCT_BUNDLE_IDENTIFIER = "com.exs.application.Image-Viewer";
				PRODUCT_NAME = "$(TARGET_NAME)";
			};
			name = Release;
		};
/* End XCBuildConfiguration section */

/* Begin XCConfigurationList section */
		1147D36A1DD542F4003B840B /* Build configuration list for PBXProject "Image Viewer" */ = {
			isa = XCConfigurationList;
			buildConfigurations = (
				1147D37E1DD542F4003B840B /* Debug */,
				1147D37F1DD542F4003B840B /* Release */,
			);
			defaultConfigurationIsVisible = 0;
			defaultConfigurationName = Release;
		};
		1147D3801DD542F4003B840B /* Build configuration list for PBXNativeTarget "Image Viewer" */ = {
			isa = XCConfigurationList;
			buildConfigurations = (
				1147D3811DD542F4003B840B /* Debug */,
				1147D3821DD542F4003B840B /* Release */,
			);
			defaultConfigurationIsVisible = 0;
			defaultConfigurationName = Release;
		};
/* End XCConfigurationList section */
	};
	rootObject = 1147D3671DD542F4003B840B /* Project object */;
}
